# THIS IS AN AUTOGENERATED FILE. DO NOT EDIT THIS FILE DIRECTLY.
# yarn lockfile v1


twgl.js@^5.5.4:
  version "5.5.4"
  resolved "https://registry.yarnpkg.com/twgl.js/-/twgl.js-5.5.4.tgz#ce79dd59ee5f4dffc9acdbb402431123ec84277a"
  integrity sha512-6kFOmijOpmblTN9CCwOTCxK4lPg7rCyQjLuub6EMOlEp89Ex6yUcsMjsmH7andNPL2NE3XmHdqHeP5gVKKPhxw==
