
Microsoft Visual Studio Solution File, Format Version 12.00
# Visual Studio Version 17
VisualStudioVersion = 17.8.34330.188
MinimumVisualStudioVersion = 10.0.40219.1
Project("{9092AA53-FB77-4645-B42D-1CCCA6BD08BD}") = "TestApp", "TestApp.njsproj", "{68A4C458-C7EC-4389-B00D-D872020F4C70}"
EndProject
Global
	GlobalSection(SolutionConfigurationPlatforms) = preSolution
		Debug|Any CPU = Debug|Any CPU
		Release|Any CPU = Release|Any CPU
	EndGlobalSection
	GlobalSection(ProjectConfigurationPlatforms) = postSolution
		{68A4C458-C7EC-4389-B00D-D872020F4C70}.Debug|Any CPU.ActiveCfg = Debug|Any CPU
		{68A4C458-C7EC-4389-B00D-D872020F4C70}.Debug|Any CPU.Build.0 = Debug|Any CPU
		{68A4C458-C7EC-4389-B00D-D872020F4C70}.Release|Any CPU.ActiveCfg = Release|Any CPU
		{68A4C458-C7EC-4389-B00D-D872020F4C70}.Release|Any CPU.Build.0 = Release|Any CPU
	EndGlobalSection
	GlobalSection(SolutionProperties) = preSolution
		HideSolutionNode = FALSE
	EndGlobalSection
	GlobalSection(ExtensibilityGlobals) = postSolution
		SolutionGuid = {93B3D182-02BD-4626-A113-44B6944FA825}
	EndGlobalSection
EndGlobal
